
Microsoft Visual Studio Solution File, Format Version 12.00
# Visual Studio Version 16
VisualStudioVersion = 16.0.31129.286
MinimumVisualStudioVersion = 10.0.40219.1
Project("{FAE04EC0-301F-11D3-BF4B-00C04F79EFBC}") = "VodafoneCreditTransfer", "VodafoneCreditTransfer\VodafoneCreditTransfer.csproj", "{6368B957-F0D3-4632-945E-E3F39B2297CE}"
EndProject
Global
	GlobalSection(SolutionConfigurationPlatforms) = preSolution
		Debug|Any CPU = Debug|Any CPU
		Release|Any CPU = Release|Any CPU
	EndGlobalSection
	GlobalSection(ProjectConfigurationPlatforms) = postSolution
		{6368B957-F0D3-4632-945E-E3F39B2297CE}.Debug|Any CPU.ActiveCfg = Debug|Any CPU
		{6368B957-F0D3-4632-945E-E3F39B2297CE}.Debug|Any CPU.Build.0 = Debug|Any CPU
		{6368B957-F0D3-4632-945E-E3F39B2297CE}.Release|Any CPU.ActiveCfg = Release|Any CPU
		{6368B957-F0D3-4632-945E-E3F39B2297CE}.Release|Any CPU.Build.0 = Release|Any CPU
	EndGlobalSection
	GlobalSection(SolutionProperties) = preSolution
		HideSolutionNode = FALSE
	EndGlobalSection
	GlobalSection(ExtensibilityGlobals) = postSolution
		SolutionGuid = {2D6C64DC-87D7-4E9E-BD77-70E646938D00}
	EndGlobalSection
EndGlobal
